// !$*UTF8*$!
{
	archiveVersion = 1;
	classes = {
	};
	objectVersion = 46;
	objects = {

/* Begin PBXBuildFile section */
		22C0D0841CA70FA400A44437 /* Player.m in Sources */ = {isa = PBXBuildFile; fileRef = 22C0D0831CA70FA400A44437 /* Player.m */; };
		22C0D08D1CA72D4900A44437 /* DieButton.m in Sources */ = {isa = PBXBuildFile; fileRef = 22C0D08C1CA72D4900A44437 /* DieButton.m */; };
		22DA7F731CA4E06F00AF9E65 /* main.m in Sources */ = {isa = PBXBuildFile; fileRef = 22DA7F721CA4E06F00AF9E65 /* main.m */; };
		22DA7F761CA4E06F00AF9E65 /* AppDelegate.m in Sources */ = {isa = PBXBuildFile; fileRef = 22DA7F751CA4E06F00AF9E65 /* AppDelegate.m */; };
		22DA7F7C1CA4E06F00AF9E65 /* Main.storyboard in Resources */ = {isa = PBXBuildFile; fileRef = 22DA7F7A1CA4E06F00AF9E65 /* Main.storyboard */; };
		22DA7F7E1CA4E06F00AF9E65 /* Assets.xcassets in Resources */ = {isa = PBXBuildFile; fileRef = 22DA7F7D1CA4E06F00AF9E65 /* Assets.xcassets */; };
		22DA7F811CA4E06F00AF9E65 /* LaunchScreen.storyboard in Resources */ = {isa = PBXBuildFile; fileRef = 22DA7F7F1CA4E06F00AF9E65 /* LaunchScreen.storyboard */; };
		22DA7F8D1CA4E09C00AF9E65 /* PreGameViewController.m in Sources */ = {isa = PBXBuildFile; fileRef = 22DA7F8C1CA4E09C00AF9E65 /* PreGameViewController.m */; };
		22DA7F901CA4E0AC00AF9E65 /* GameViewController.m in Sources */ = {isa = PBXBuildFile; fileRef = 22DA7F8F1CA4E0AC00AF9E65 /* GameViewController.m */; };
/* End PBXBuildFile section */

/* Begin PBXFileReference section */
		22C0D0821CA70FA400A44437 /* Player.h */ = {isa = PBXFileReference; fileEncoding = 4; lastKnownFileType = sourcecode.c.h; path = Player.h; sourceTree = "<group>"; };
		22C0D0831CA70FA400A44437 /* Player.m */ = {isa = PBXFileReference; fileEncoding = 4; lastKnownFileType = sourcecode.c.objc; path = Player.m; sourceTree = "<group>"; };
		22C0D08B1CA72D4900A44437 /* DieButton.h */ = {isa = PBXFileReference; fileEncoding = 4; lastKnownFileType = sourcecode.c.h; path = DieButton.h; sourceTree = "<group>"; };
		22C0D08C1CA72D4900A44437 /* DieButton.m */ = {isa = PBXFileReference; fileEncoding = 4; lastKnownFileType = sourcecode.c.objc; path = DieButton.m; sourceTree = "<group>"; };
		22DA7F6E1CA4E06F00AF9E65 /* Farkle.app */ = {isa = PBXFileReference; explicitFileType = wrapper.application; includeInIndex = 0; path = Farkle.app; sourceTree = BUILT_PRODUCTS_DIR; };
		22DA7F721CA4E06F00AF9E65 /* main.m */ = {isa = PBXFileReference; lastKnownFileType = sourcecode.c.objc; path = main.m; sourceTree = "<group>"; };
		22DA7F741CA4E06F00AF9E65 /* AppDelegate.h */ = {isa = PBXFileReference; lastKnownFileType = sourcecode.c.h; path = AppDelegate.h; sourceTree = "<group>"; };
		22DA7F751CA4E06F00AF9E65 /* AppDelegate.m */ = {isa = PBXFileReference; lastKnownFileType = sourcecode.c.objc; path = AppDelegate.m; sourceTree = "<group>"; };
		22DA7F7B1CA4E06F00AF9E65 /* Base */ = {isa = PBXFileReference; lastKnownFileType = file.storyboard; name = Base; path = Base.lproj/Main.storyboard; sourceTree = "<group>"; };
		22DA7F7D1CA4E06F00AF9E65 /* Assets.xcassets */ = {isa = PBXFileReference; lastKnownFileType = folder.assetcatalog; path = Assets.xcassets; sourceTree = "<group>"; };
		22DA7F801CA4E06F00AF9E65 /* Base */ = {isa = PBXFileReference; lastKnownFileType = file.storyboard; name = Base; path = Base.lproj/LaunchScreen.storyboard; sourceTree = "<group>"; };
		22DA7F821CA4E06F00AF9E65 /* Info.plist */ = {isa = PBXFileReference; lastKnownFileType = text.plist.xml; path = Info.plist; sourceTree = "<group>"; };
		22DA7F8B1CA4E09C00AF9E65 /* PreGameViewController.h */ = {isa = PBXFileReference; fileEncoding = 4; lastKnownFileType = sourcecode.c.h; path = PreGameViewController.h; sourceTree = "<group>"; };
		22DA7F8C1CA4E09C00AF9E65 /* PreGameViewController.m */ = {isa = PBXFileReference; fileEncoding = 4; lastKnownFileType = sourcecode.c.objc; path = PreGameViewController.m; sourceTree = "<group>"; };
		22DA7F8E1CA4E0AC00AF9E65 /* GameViewController.h */ = {isa = PBXFileReference; fileEncoding = 4; lastKnownFileType = sourcecode.c.h; path = GameViewController.h; sourceTree = "<group>"; };
		22DA7F8F1CA4E0AC00AF9E65 /* GameViewController.m */ = {isa = PBXFileReference; fileEncoding = 4; lastKnownFileType = sourcecode.c.objc; path = GameViewController.m; sourceTree = "<group>"; };
/* End PBXFileReference section */

/* Begin PBXFrameworksBuildPhase section */
		22DA7F6B1CA4E06F00AF9E65 /* Frameworks */ = {
			isa = PBXFrameworksBuildPhase;
			buildActionMask = 2147483647;
			files = (
			);
			runOnlyForDeploymentPostprocessing = 0;
		};
/* End PBXFrameworksBuildPhase section */

/* Begin PBXGroup section */
		22DA7F651CA4E06F00AF9E65 = {
			isa = PBXGroup;
			children = (
				22DA7F701CA4E06F00AF9E65 /* Farkle */,
				22DA7F6F1CA4E06F00AF9E65 /* Products */,
			);
			sourceTree = "<group>";
		};
		22DA7F6F1CA4E06F00AF9E65 /* Products */ = {
			isa = PBXGroup;
			children = (
				22DA7F6E1CA4E06F00AF9E65 /* Farkle.app */,
			);
			name = Products;
			sourceTree = "<group>";
		};
		22DA7F701CA4E06F00AF9E65 /* Farkle */ = {
			isa = PBXGroup;
			children = (
				22DA7F8B1CA4E09C00AF9E65 /* PreGameViewController.h */,
				22DA7F8C1CA4E09C00AF9E65 /* PreGameViewController.m */,
				22DA7F8E1CA4E0AC00AF9E65 /* GameViewController.h */,
				22DA7F8F1CA4E0AC00AF9E65 /* GameViewController.m */,
				22C0D08B1CA72D4900A44437 /* DieButton.h */,
				22C0D08C1CA72D4900A44437 /* DieButton.m */,
				22C0D0821CA70FA400A44437 /* Player.h */,
				22C0D0831CA70FA400A44437 /* Player.m */,
				22DA7F741CA4E06F00AF9E65 /* AppDelegate.h */,
				22DA7F751CA4E06F00AF9E65 /* AppDelegate.m */,
				22DA7F7A1CA4E06F00AF9E65 /* Main.storyboard */,
				22DA7F7D1CA4E06F00AF9E65 /* Assets.xcassets */,
				22DA7F7F1CA4E06F00AF9E65 /* LaunchScreen.storyboard */,
				22DA7F821CA4E06F00AF9E65 /* Info.plist */,
				22DA7F711CA4E06F00AF9E65 /* Supporting Files */,
			);
			path = Farkle;
			sourceTree = "<group>";
		};
		22DA7F711CA4E06F00AF9E65 /* Supporting Files */ = {
			isa = PBXGroup;
			children = (
				22DA7F721CA4E06F00AF9E65 /* main.m */,
			);
			name = "Supporting Files";
			sourceTree = "<group>";
		};
/* End PBXGroup section */

/* Begin PBXNativeTarget section */
		22DA7F6D1CA4E06F00AF9E65 /* Farkle */ = {
			isa = PBXNativeTarget;
			buildConfigurationList = 22DA7F851CA4E06F00AF9E65 /* Build configuration list for PBXNativeTarget "Farkle" */;
			buildPhases = (
				22DA7F6A1CA4E06F00AF9E65 /* Sources */,
				22DA7F6B1CA4E06F00AF9E65 /* Frameworks */,
				22DA7F6C1CA4E06F00AF9E65 /* Resources */,
			);
			buildRules = (
			);
			dependencies = (
			);
			name = Farkle;
			productName = Farkle;
			productReference = 22DA7F6E1CA4E06F00AF9E65 /* Farkle.app */;
			productType = "com.apple.product-type.application";
		};
/* End PBXNativeTarget section */

/* Begin PBXProject section */
		22DA7F661CA4E06F00AF9E65 /* Project object */ = {
			isa = PBXProject;
			attributes = {
				LastUpgradeCheck = 0730;
				ORGANIZATIONNAME = "Sam Willsea";
				TargetAttributes = {
					22DA7F6D1CA4E06F00AF9E65 = {
						CreatedOnToolsVersion = 7.3;
						DevelopmentTeam = 67CW7F8L92;
					};
				};
			};
			buildConfigurationList = 22DA7F691CA4E06F00AF9E65 /* Build configuration list for PBXProject "Farkle" */;
			compatibilityVersion = "Xcode 3.2";
			developmentRegion = English;
			hasScannedForEncodings = 0;
			knownRegions = (
				en,
				Base,
			);
			mainGroup = 22DA7F651CA4E06F00AF9E65;
			productRefGroup = 22DA7F6F1CA4E06F00AF9E65 /* Products */;
			projectDirPath = "";
			projectRoot = "";
			targets = (
				22DA7F6D1CA4E06F00AF9E65 /* Farkle */,
			);
		};
/* End PBXProject section */

/* Begin PBXResourcesBuildPhase section */
		22DA7F6C1CA4E06F00AF9E65 /* Resources */ = {
			isa = PBXResourcesBuildPhase;
			buildActionMask = 2147483647;
			files = (
				22DA7F811CA4E06F00AF9E65 /* LaunchScreen.storyboard in Resources */,
				22DA7F7E1CA4E06F00AF9E65 /* Assets.xcassets in Resources */,
				22DA7F7C1CA4E06F00AF9E65 /* Main.storyboard in Resources */,
			);
			runOnlyForDeploymentPostprocessing = 0;
		};
/* End PBXResourcesBuildPhase section */

/* Begin PBXSourcesBuildPhase section */
		22DA7F6A1CA4E06F00AF9E65 /* Sources */ = {
			isa = PBXSourcesBuildPhase;
			buildActionMask = 2147483647;
			files = (
				22C0D08D1CA72D4900A44437 /* DieButton.m in Sources */,
				22DA7F901CA4E0AC00AF9E65 /* GameViewController.m in Sources */,
				22DA7F761CA4E06F00AF9E65 /* AppDelegate.m in Sources */,
				22DA7F731CA4E06F00AF9E65 /* main.m in Sources */,
				22DA7F8D1CA4E09C00AF9E65 /* PreGameViewController.m in Sources */,
				22C0D0841CA70FA400A44437 /* Player.m in Sources */,
			);
			runOnlyForDeploymentPostprocessing = 0;
		};
/* End PBXSourcesBuildPhase section */

/* Begin PBXVariantGroup section */
		22DA7F7A1CA4E06F00AF9E65 /* Main.storyboard */ = {
			isa = PBXVariantGroup;
			children = (
				22DA7F7B1CA4E06F00AF9E65 /* Base */,
			);
			name = Main.storyboard;
			sourceTree = "<group>";
		};
		22DA7F7F1CA4E06F00AF9E65 /* LaunchScreen.storyboard */ = {
			isa = PBXVariantGroup;
			children = (
				22DA7F801CA4E06F00AF9E65 /* Base */,
			);
			name = LaunchScreen.storyboard;
			sourceTree = "<group>";
		};
/* End PBXVariantGroup section */

/* Begin XCBuildConfiguration section */
		22DA7F831CA4E06F00AF9E65 /* Debug */ = {
			isa = XCBuildConfiguration;
			buildSettings = {
				ALWAYS_SEARCH_USER_PATHS = NO;
				CLANG_ANALYZER_NONNULL = YES;
				CLANG_CXX_LANGUAGE_STANDARD = "gnu++0x";
				CLANG_CXX_LIBRARY = "libc++";
				CLANG_ENABLE_MODULES = YES;
				CLANG_ENABLE_OBJC_ARC = YES;
				CLANG_WARN_BOOL_CONVERSION = YES;
				CLANG_WARN_CONSTANT_CONVERSION = YES;
				CLANG_WARN_DIRECT_OBJC_ISA_USAGE = YES_ERROR;
				CLANG_WARN_EMPTY_BODY = YES;
				CLANG_WARN_ENUM_CONVERSION = YES;
				CLANG_WARN_INT_CONVERSION = YES;
				CLANG_WARN_OBJC_ROOT_CLASS = YES_ERROR;
				CLANG_WARN_UNREACHABLE_CODE = YES;
				CLANG_WARN__DUPLICATE_METHOD_MATCH = YES;
				"CODE_SIGN_IDENTITY[sdk=iphoneos*]" = "iPhone Developer";
				COPY_PHASE_STRIP = NO;
				DEBUG_INFORMATION_FORMAT = dwarf;
				ENABLE_STRICT_OBJC_MSGSEND = YES;
				ENABLE_TESTABILITY = YES;
				GCC_C_LANGUAGE_STANDARD = gnu99;
				GCC_DYNAMIC_NO_PIC = NO;
				GCC_NO_COMMON_BLOCKS = YES;
				GCC_OPTIMIZATION_LEVEL = 0;
				GCC_PREPROCESSOR_DEFINITIONS = (
					"DEBUG=1",
					"$(inherited)",
				);
				GCC_WARN_64_TO_32_BIT_CONVERSION = YES;
				GCC_WARN_ABOUT_RETURN_TYPE = YES_ERROR;
				GCC_WARN_UNDECLARED_SELECTOR = YES;
				GCC_WARN_UNINITIALIZED_AUTOS = YES_AGGRESSIVE;
				GCC_WARN_UNUSED_FUNCTION = YES;
				GCC_WARN_UNUSED_VARIABLE = YES;
				IPHONEOS_DEPLOYMENT_TARGET = 9.3;
				MTL_ENABLE_DEBUG_INFO = YES;
				ONLY_ACTIVE_ARCH = YES;
				SDKROOT = iphoneos;
			};
			name = Debug;
		};
		22DA7F841CA4E06F00AF9E65 /* Release */ = {
			isa = XCBuildConfiguration;
			buildSettings = {
				ALWAYS_SEARCH_USER_PATHS = NO;
				CLANG_ANALYZER_NONNULL = YES;
				CLANG_CXX_LANGUAGE_STANDARD = "gnu++0x";
				CLANG_CXX_LIBRARY = "libc++";
				CLANG_ENABLE_MODULES = YES;
				CLANG_ENABLE_OBJC_ARC = YES;
				CLANG_WARN_BOOL_CONVERSION = YES;
				CLANG_WARN_CONSTANT_CONVERSION = YES;
				CLANG_WARN_DIRECT_OBJC_ISA_USAGE = YES_ERROR;
				CLANG_WARN_EMPTY_BODY = YES;
				CLANG_WARN_ENUM_CONVERSION = YES;
				CLANG_WARN_INT_CONVERSION = YES;
				CLANG_WARN_OBJC_ROOT_CLASS = YES_ERROR;
				CLANG_WARN_UNREACHABLE_CODE = YES;
				CLANG_WARN__DUPLICATE_METHOD_MATCH = YES;
				"CODE_SIGN_IDENTITY[sdk=iphoneos*]" = "iPhone Developer";
				COPY_PHASE_STRIP = NO;
				DEBUG_INFORMATION_FORMAT = "dwarf-with-dsym";
				ENABLE_NS_ASSERTIONS = NO;
				ENABLE_STRICT_OBJC_MSGSEND = YES;
				GCC_C_LANGUAGE_STANDARD = gnu99;
				GCC_NO_COMMON_BLOCKS = YES;
				GCC_WARN_64_TO_32_BIT_CONVERSION = YES;
				GCC_WARN_ABOUT_RETURN_TYPE = YES_ERROR;
				GCC_WARN_UNDECLARED_SELECTOR = YES;
				GCC_WARN_UNINITIALIZED_AUTOS = YES_AGGRESSIVE;
				GCC_WARN_UNUSED_FUNCTION = YES;
				GCC_WARN_UNUSED_VARIABLE = YES;
				IPHONEOS_DEPLOYMENT_TARGET = 9.3;
				MTL_ENABLE_DEBUG_INFO = NO;
				SDKROOT = iphoneos;
				VALIDATE_PRODUCT = YES;
			};
			name = Release;
		};
		22DA7F861CA4E06F00AF9E65 /* Debug */ = {
			isa = XCBuildConfiguration;
			buildSettings = {
				ASSETCATALOG_COMPILER_APPICON_NAME = AppIcon;
				INFOPLIST_FILE = Farkle/Info.plist;
				LD_RUNPATH_SEARCH_PATHS = "$(inherited) @executable_path/Frameworks";
				PRODUCT_BUNDLE_IDENTIFIER = samwillsea.Farkle;
				PRODUCT_NAME = "$(TARGET_NAME)";
			};
			name = Debug;
		};
		22DA7F871CA4E06F00AF9E65 /* Release */ = {
			isa = XCBuildConfiguration;
			buildSettings = {
				ASSETCATALOG_COMPILER_APPICON_NAME = AppIcon;
				INFOPLIST_FILE = Farkle/Info.plist;
				LD_RUNPATH_SEARCH_PATHS = "$(inherited) @executable_path/Frameworks";
				PRODUCT_BUNDLE_IDENTIFIER = samwillsea.Farkle;
				PRODUCT_NAME = "$(TARGET_NAME)";
			};
			name = Release;
		};
/* End XCBuildConfiguration section */

/* Begin XCConfigurationList section */
		22DA7F691CA4E06F00AF9E65 /* Build configuration list for PBXProject "Farkle" */ = {
			isa = XCConfigurationList;
			buildConfigurations = (
				22DA7F831CA4E06F00AF9E65 /* Debug */,
				22DA7F841CA4E06F00AF9E65 /* Release */,
			);
			defaultConfigurationIsVisible = 0;
			defaultConfigurationName = Release;
		};
		22DA7F851CA4E06F00AF9E65 /* Build configuration list for PBXNativeTarget "Farkle" */ = {
			isa = XCConfigurationList;
			buildConfigurations = (
				22DA7F861CA4E06F00AF9E65 /* Debug */,
				22DA7F871CA4E06F00AF9E65 /* Release */,
			);
			defaultConfigurationIsVisible = 0;
			defaultConfigurationName = Release;
		};
/* End XCConfigurationList section */
	};
	rootObject = 22DA7F661CA4E06F00AF9E65 /* Project object */;
}
